# THIS IS AN AUTOGENERATED FILE. DO NOT EDIT THIS FILE DIRECTLY.
# yarn lockfile v1


"@types/crypto-js@^4.1.1":
  "integrity" "sha512-BG7fQKZ689HIoc5h+6D2Dgq1fABRa0RbBWKBd9SP/MVRVXROflpm5fhwyATX5duFmbStzyzyycPB8qUYKDH3NA=="
  "resolved" "https://registry.npmjs.org/@types/crypto-js/-/crypto-js-4.1.1.tgz"
  "version" "4.1.1"

"@types/node@^18.0.3":
  "integrity" "sha512-HzNRZtp4eepNitP+BD6k2L6DROIDG4Q0fm4x+dwfsr6LGmROENnok75VGw40628xf+iR24WeMFcHuuBDUAzzsQ=="
  "resolved" "https://registry.npmjs.org/@types/node/-/node-18.0.3.tgz"
  "version" "18.0.3"

"crypto-js@^4.1.1":
  "integrity" "sha512-o2JlM7ydqd3Qk9CA0L4NL6mTzU2sdx96a+oOfPu8Mkl/PK51vSyoi8/rQ8NknZtk44vq15lmhAj9CIAGwgeWKw=="
  "resolved" "https://registry.npmjs.org/crypto-js/-/crypto-js-4.1.1.tgz"
  "version" "4.1.1"

"crypto@^1.0.1":
  "integrity" "sha512-VxBKmeNcqQdiUQUW2Tzq0t377b54N2bMtXO/qiLa+6eRRmmC4qT3D4OnTGoT/U6O9aklQ/jTwbOtRMTTY8G0Ig=="
  "resolved" "https://registry.npmjs.org/crypto/-/crypto-1.0.1.tgz"
  "version" "1.0.1"
