{
    "name": "diffhell",
    "version": "0.1.0",
    "lockfileVersion": 2,
    "requires": true,
    "packages": {
        "": {
            "name": "diffhell",
            "version": "0.1.0",
            "dependencies": {
                "crypto-js": "4.1.1"
            },
            "devDependencies": {
                "@types/crypto-js": "^4.1.1",
                "@types/node": "^18.0.6"
            },
            "engines": {
                "node": "14.15.0"
            }
        },
        "node_modules/@types/crypto-js": {
            "version": "4.1.1",
            "resolved": "https://registry.npmjs.org/@types/crypto-js/-/crypto-js-4.1.1.tgz",
            "integrity": "sha512-BG7fQKZ689HIoc5h+6D2Dgq1fABRa0RbBWKBd9SP/MVRVXROflpm5fhwyATX5duFmbStzyzyycPB8qUYKDH3NA==",
            "dev": true
        },
        "node_modules/@types/node": {
            "version": "18.0.6",
            "resolved": "https://registry.npmjs.org/@types/node/-/node-18.0.6.tgz",
            "integrity": "sha512-/xUq6H2aQm261exT6iZTMifUySEt4GR5KX8eYyY+C4MSNPqSh9oNIP7tz2GLKTlFaiBbgZNxffoR3CVRG+cljw==",
            "dev": true
        },
        "node_modules/crypto-js": {
            "version": "4.1.1",
            "resolved": "https://registry.npmjs.org/crypto-js/-/crypto-js-4.1.1.tgz",
            "integrity": "sha512-o2JlM7ydqd3Qk9CA0L4NL6mTzU2sdx96a+oOfPu8Mkl/PK51vSyoi8/rQ8NknZtk44vq15lmhAj9CIAGwgeWKw=="
        }
    },
    "dependencies": {
        "@types/crypto-js": {
            "version": "4.1.1",
            "resolved": "https://registry.npmjs.org/@types/crypto-js/-/crypto-js-4.1.1.tgz",
            "integrity": "sha512-BG7fQKZ689HIoc5h+6D2Dgq1fABRa0RbBWKBd9SP/MVRVXROflpm5fhwyATX5duFmbStzyzyycPB8qUYKDH3NA==",
            "dev": true
        },
        "@types/node": {
            "version": "18.0.6",
            "resolved": "https://registry.npmjs.org/@types/node/-/node-18.0.6.tgz",
            "integrity": "sha512-/xUq6H2aQm261exT6iZTMifUySEt4GR5KX8eYyY+C4MSNPqSh9oNIP7tz2GLKTlFaiBbgZNxffoR3CVRG+cljw==",
            "dev": true
        },
        "crypto-js": {
            "version": "4.1.1",
            "resolved": "https://registry.npmjs.org/crypto-js/-/crypto-js-4.1.1.tgz",
            "integrity": "sha512-o2JlM7ydqd3Qk9CA0L4NL6mTzU2sdx96a+oOfPu8Mkl/PK51vSyoi8/rQ8NknZtk44vq15lmhAj9CIAGwgeWKw=="
        }
    }
}
